
Microsoft Visual Studio Solution File, Format Version 11.00
# Visual Studio 2010
Project("{FAE04EC0-301F-11D3-BF4B-00C04F79EFBC}") = "ildasm", "ildasm.csproj", "{6C2A2D3A-54D8-40E3-8FC9-B68E3C8A5679}"
EndProject
Project("{FAE04EC0-301F-11D3-BF4B-00C04F79EFBC}") = "ilasm", "..\..\ilasm\ilasm.csproj", "{3F8EC7C8-7F63-4341-AE4F-859CED50CE07}"
EndProject
Project("{FAE04EC0-301F-11D3-BF4B-00C04F79EFBC}") = "tests", "..\..\ilasm\tests\tests.csproj", "{C668FD27-278D-499B-830B-344F09DE69B1}"
EndProject
Project("{FAE04EC0-301F-11D3-BF4B-00C04F79EFBC}") = "ildasmTests", "ildasmTests\ildasmTests.csproj", "{DC3044BA-0B43-41A6-9E34-7EDB56F53EA8}"
EndProject
Global
	GlobalSection(SolutionConfigurationPlatforms) = preSolution
		Debug|Any CPU = Debug|Any CPU
		Release|Any CPU = Release|Any CPU
	EndGlobalSection
	GlobalSection(ProjectConfigurationPlatforms) = postSolution
		{3F8EC7C8-7F63-4341-AE4F-859CED50CE07}.Debug|Any CPU.ActiveCfg = Debug|Any CPU
		{3F8EC7C8-7F63-4341-AE4F-859CED50CE07}.Debug|Any CPU.Build.0 = Debug|Any CPU
		{3F8EC7C8-7F63-4341-AE4F-859CED50CE07}.Release|Any CPU.ActiveCfg = Release|Any CPU
		{3F8EC7C8-7F63-4341-AE4F-859CED50CE07}.Release|Any CPU.Build.0 = Release|Any CPU
		{6C2A2D3A-54D8-40E3-8FC9-B68E3C8A5679}.Debug|Any CPU.ActiveCfg = Debug|Any CPU
		{6C2A2D3A-54D8-40E3-8FC9-B68E3C8A5679}.Debug|Any CPU.Build.0 = Debug|Any CPU
		{6C2A2D3A-54D8-40E3-8FC9-B68E3C8A5679}.Release|Any CPU.ActiveCfg = Release|Any CPU
		{6C2A2D3A-54D8-40E3-8FC9-B68E3C8A5679}.Release|Any CPU.Build.0 = Release|Any CPU
		{C668FD27-278D-499B-830B-344F09DE69B1}.Debug|Any CPU.ActiveCfg = Debug|Any CPU
		{C668FD27-278D-499B-830B-344F09DE69B1}.Debug|Any CPU.Build.0 = Debug|Any CPU
		{C668FD27-278D-499B-830B-344F09DE69B1}.Release|Any CPU.ActiveCfg = Release|Any CPU
		{C668FD27-278D-499B-830B-344F09DE69B1}.Release|Any CPU.Build.0 = Release|Any CPU
		{DC3044BA-0B43-41A6-9E34-7EDB56F53EA8}.Debug|Any CPU.ActiveCfg = Debug|Any CPU
		{DC3044BA-0B43-41A6-9E34-7EDB56F53EA8}.Debug|Any CPU.Build.0 = Debug|Any CPU
		{DC3044BA-0B43-41A6-9E34-7EDB56F53EA8}.Release|Any CPU.ActiveCfg = Release|Any CPU
		{DC3044BA-0B43-41A6-9E34-7EDB56F53EA8}.Release|Any CPU.Build.0 = Release|Any CPU
	EndGlobalSection
	GlobalSection(MonoDevelopProperties) = preSolution
		StartupItem = ildasm.csproj
	EndGlobalSection
EndGlobal
